
Microsoft Visual Studio Solution File, Format Version 12.00
# Visual Studio Version 16
VisualStudioVersion = 16.0.31729.503
MinimumVisualStudioVersion = 10.0.40219.1
Project("{FAE04EC0-301F-11D3-BF4B-00C04F79EFBC}") = "Exercicio07", "Exercicio07.csproj", "{148C0314-DC12-4ECE-83A5-A29592A356AB}"
EndProject
Global
	GlobalSection(SolutionConfigurationPlatforms) = preSolution
		Debug|Any CPU = Debug|Any CPU
		Release|Any CPU = Release|Any CPU
	EndGlobalSection
	GlobalSection(ProjectConfigurationPlatforms) = postSolution
		{148C0314-DC12-4ECE-83A5-A29592A356AB}.Debug|Any CPU.ActiveCfg = Debug|Any CPU
		{148C0314-DC12-4ECE-83A5-A29592A356AB}.Debug|Any CPU.Build.0 = Debug|Any CPU
		{148C0314-DC12-4ECE-83A5-A29592A356AB}.Release|Any CPU.ActiveCfg = Release|Any CPU
		{148C0314-DC12-4ECE-83A5-A29592A356AB}.Release|Any CPU.Build.0 = Release|Any CPU
	EndGlobalSection
	GlobalSection(SolutionProperties) = preSolution
		HideSolutionNode = FALSE
	EndGlobalSection
	GlobalSection(ExtensibilityGlobals) = postSolution
		SolutionGuid = {1F148D6B-6796-42FD-B70D-63658D9C16F1}
	EndGlobalSection
EndGlobal
